PODS:
  - OpenCV (4.3.0)
  - WPMediaPicker (1.8.2)

DEPENDENCIES:
  - OpenCV
  - WPMediaPicker

SPEC REPOS:
  https://github.com/CocoaPods/Specs.git:
    - WPMediaPicker

SPEC CHECKSUMS:
  OpenCV: 681e0451c1e54c5930a8922277f817ed5d5ab459
  WPMediaPicker: a34b708a7b995a0889bd5098e3b79f4a50a7a9bd

PODFILE CHECKSUM: 7d920de540601add6bf03340b67f489cf1143d61

COCOAPODS: 1.11.3
